
Microsoft Visual Studio Solution File, Format Version 12.00
# Visual Studio Version 17
VisualStudioVersion = 17.0.31919.166
MinimumVisualStudioVersion = 10.0.40219.1
Project("{9A19103F-16F7-4668-BE54-9A1E7A4F7556}") = "LeetCode", "LeetCode\LeetCode.csproj", "{BCBCE96A-63AD-49E8-9D45-8126B22C6403}"
EndProject
Project("{9A19103F-16F7-4668-BE54-9A1E7A4F7556}") = "Gayle", "Gayle\Gayle.csproj", "{54DCE2C8-4769-4C28-950C-2BDE19F3EE8C}"
EndProject
Project("{9A19103F-16F7-4668-BE54-9A1E7A4F7556}") = "Konsol", "Konsol\Konsol.csproj", "{A5E7CED0-AC08-44F1-A332-E383D71A4097}"
EndProject
Project("{9A19103F-16F7-4668-BE54-9A1E7A4F7556}") = "ProgrammingInterviewsExposed", "ProgrammingInterviewsExposed\ProgrammingInterviewsExposed.csproj", "{44A96053-0AE2-4514-A47F-D9B4C76BA4B7}"
EndProject
Project("{9A19103F-16F7-4668-BE54-9A1E7A4F7556}") = "Sundry", "Sundry\Sundry.csproj", "{55E8423A-01DB-4616-BCE6-36D8C347DEE2}"
EndProject
Project("{FAE04EC0-301F-11D3-BF4B-00C04F79EFBC}") = "HackerRank", "HackerRank\HackerRank.csproj", "{B255261E-482F-417F-882C-614C9D61E5B2}"
EndProject
Global
	GlobalSection(SolutionConfigurationPlatforms) = preSolution
		Debug|Any CPU = Debug|Any CPU
		Release|Any CPU = Release|Any CPU
	EndGlobalSection
	GlobalSection(ProjectConfigurationPlatforms) = postSolution
		{BCBCE96A-63AD-49E8-9D45-8126B22C6403}.Debug|Any CPU.ActiveCfg = Debug|Any CPU
		{BCBCE96A-63AD-49E8-9D45-8126B22C6403}.Debug|Any CPU.Build.0 = Debug|Any CPU
		{BCBCE96A-63AD-49E8-9D45-8126B22C6403}.Release|Any CPU.ActiveCfg = Release|Any CPU
		{BCBCE96A-63AD-49E8-9D45-8126B22C6403}.Release|Any CPU.Build.0 = Release|Any CPU
		{54DCE2C8-4769-4C28-950C-2BDE19F3EE8C}.Debug|Any CPU.ActiveCfg = Debug|Any CPU
		{54DCE2C8-4769-4C28-950C-2BDE19F3EE8C}.Debug|Any CPU.Build.0 = Debug|Any CPU
		{54DCE2C8-4769-4C28-950C-2BDE19F3EE8C}.Release|Any CPU.ActiveCfg = Release|Any CPU
		{54DCE2C8-4769-4C28-950C-2BDE19F3EE8C}.Release|Any CPU.Build.0 = Release|Any CPU
		{A5E7CED0-AC08-44F1-A332-E383D71A4097}.Debug|Any CPU.ActiveCfg = Debug|Any CPU
		{A5E7CED0-AC08-44F1-A332-E383D71A4097}.Debug|Any CPU.Build.0 = Debug|Any CPU
		{A5E7CED0-AC08-44F1-A332-E383D71A4097}.Release|Any CPU.ActiveCfg = Release|Any CPU
		{A5E7CED0-AC08-44F1-A332-E383D71A4097}.Release|Any CPU.Build.0 = Release|Any CPU
		{44A96053-0AE2-4514-A47F-D9B4C76BA4B7}.Debug|Any CPU.ActiveCfg = Debug|Any CPU
		{44A96053-0AE2-4514-A47F-D9B4C76BA4B7}.Debug|Any CPU.Build.0 = Debug|Any CPU
		{44A96053-0AE2-4514-A47F-D9B4C76BA4B7}.Release|Any CPU.ActiveCfg = Release|Any CPU
		{44A96053-0AE2-4514-A47F-D9B4C76BA4B7}.Release|Any CPU.Build.0 = Release|Any CPU
		{55E8423A-01DB-4616-BCE6-36D8C347DEE2}.Debug|Any CPU.ActiveCfg = Debug|Any CPU
		{55E8423A-01DB-4616-BCE6-36D8C347DEE2}.Debug|Any CPU.Build.0 = Debug|Any CPU
		{55E8423A-01DB-4616-BCE6-36D8C347DEE2}.Release|Any CPU.ActiveCfg = Release|Any CPU
		{55E8423A-01DB-4616-BCE6-36D8C347DEE2}.Release|Any CPU.Build.0 = Release|Any CPU
		{B255261E-482F-417F-882C-614C9D61E5B2}.Debug|Any CPU.ActiveCfg = Debug|Any CPU
		{B255261E-482F-417F-882C-614C9D61E5B2}.Debug|Any CPU.Build.0 = Debug|Any CPU
		{B255261E-482F-417F-882C-614C9D61E5B2}.Release|Any CPU.ActiveCfg = Release|Any CPU
		{B255261E-482F-417F-882C-614C9D61E5B2}.Release|Any CPU.Build.0 = Release|Any CPU
	EndGlobalSection
	GlobalSection(SolutionProperties) = preSolution
		HideSolutionNode = FALSE
	EndGlobalSection
	GlobalSection(ExtensibilityGlobals) = postSolution
		SolutionGuid = {64B0B057-312C-439A-B4DD-54F1E05F9B5A}
	EndGlobalSection
EndGlobal
